
Microsoft Visual Studio Solution File, Format Version 12.00
# Visual Studio Version 16
VisualStudioVersion = 16.0.31729.503
MinimumVisualStudioVersion = 10.0.40219.1
Project("{FAE04EC0-301F-11D3-BF4B-00C04F79EFBC}") = "DataAccess", "DataAccess\DataAccess.csproj", "{5BA06E72-73A1-46C8-B70A-BE91E931B136}"
EndProject
Project("{FAE04EC0-301F-11D3-BF4B-00C04F79EFBC}") = "Business", "Business\Business.csproj", "{FB6758AF-D149-482B-A8EC-F98CBC4AB68B}"
EndProject
Project("{FAE04EC0-301F-11D3-BF4B-00C04F79EFBC}") = "Entities", "Entities\Entities.csproj", "{6E2AAF86-3593-43B8-A947-A04C09EDBADA}"
EndProject
Project("{FAE04EC0-301F-11D3-BF4B-00C04F79EFBC}") = "ConsoleUI", "ConsoleUI\ConsoleUI.csproj", "{B07751EF-9404-4DB1-81C9-E23458597CFD}"
EndProject
Global
	GlobalSection(SolutionConfigurationPlatforms) = preSolution
		Debug|Any CPU = Debug|Any CPU
		Release|Any CPU = Release|Any CPU
	EndGlobalSection
	GlobalSection(ProjectConfigurationPlatforms) = postSolution
		{5BA06E72-73A1-46C8-B70A-BE91E931B136}.Debug|Any CPU.ActiveCfg = Debug|Any CPU
		{5BA06E72-73A1-46C8-B70A-BE91E931B136}.Debug|Any CPU.Build.0 = Debug|Any CPU
		{5BA06E72-73A1-46C8-B70A-BE91E931B136}.Release|Any CPU.ActiveCfg = Release|Any CPU
		{5BA06E72-73A1-46C8-B70A-BE91E931B136}.Release|Any CPU.Build.0 = Release|Any CPU
		{FB6758AF-D149-482B-A8EC-F98CBC4AB68B}.Debug|Any CPU.ActiveCfg = Debug|Any CPU
		{FB6758AF-D149-482B-A8EC-F98CBC4AB68B}.Debug|Any CPU.Build.0 = Debug|Any CPU
		{FB6758AF-D149-482B-A8EC-F98CBC4AB68B}.Release|Any CPU.ActiveCfg = Release|Any CPU
		{FB6758AF-D149-482B-A8EC-F98CBC4AB68B}.Release|Any CPU.Build.0 = Release|Any CPU
		{6E2AAF86-3593-43B8-A947-A04C09EDBADA}.Debug|Any CPU.ActiveCfg = Debug|Any CPU
		{6E2AAF86-3593-43B8-A947-A04C09EDBADA}.Debug|Any CPU.Build.0 = Debug|Any CPU
		{6E2AAF86-3593-43B8-A947-A04C09EDBADA}.Release|Any CPU.ActiveCfg = Release|Any CPU
		{6E2AAF86-3593-43B8-A947-A04C09EDBADA}.Release|Any CPU.Build.0 = Release|Any CPU
		{B07751EF-9404-4DB1-81C9-E23458597CFD}.Debug|Any CPU.ActiveCfg = Debug|Any CPU
		{B07751EF-9404-4DB1-81C9-E23458597CFD}.Debug|Any CPU.Build.0 = Debug|Any CPU
		{B07751EF-9404-4DB1-81C9-E23458597CFD}.Release|Any CPU.ActiveCfg = Release|Any CPU
		{B07751EF-9404-4DB1-81C9-E23458597CFD}.Release|Any CPU.Build.0 = Release|Any CPU
	EndGlobalSection
	GlobalSection(SolutionProperties) = preSolution
		HideSolutionNode = FALSE
	EndGlobalSection
	GlobalSection(ExtensibilityGlobals) = postSolution
		SolutionGuid = {89AF06A3-C361-4276-93F6-40B3B21F8392}
	EndGlobalSection
EndGlobal
